
Microsoft Visual Studio Solution File, Format Version 12.00
# Visual Studio 15
VisualStudioVersion = 15.0.27703.2000
MinimumVisualStudioVersion = 10.0.40219.1
Project("{9A19103F-16F7-4668-BE54-9A1E7A4F7556}") = "02. Villain Names", "02. Villain Names\02. Villain Names.csproj", "{D53C0912-1964-43EB-AD4D-95ADF9C55A0E}"
EndProject
Project("{9A19103F-16F7-4668-BE54-9A1E7A4F7556}") = "03. Minion Names", "03. Minion Names\03. Minion Names.csproj", "{B4A4E12E-08E7-4309-998C-AE20C8413481}"
EndProject
Project("{9A19103F-16F7-4668-BE54-9A1E7A4F7556}") = "04. Add Minion", "04. Add Minion\04. Add Minion.csproj", "{24FB75CE-541D-4DE6-B23C-61881ACEDE86}"
EndProject
Project("{9A19103F-16F7-4668-BE54-9A1E7A4F7556}") = "05. Change Town Names Casing", "05. Change Town Names Casing\05. Change Town Names Casing.csproj", "{994670D6-AD68-4C8B-8633-59832E445FEA}"
EndProject
Project("{9A19103F-16F7-4668-BE54-9A1E7A4F7556}") = "07. Print All Minion Names", "07. Print All Minion Names\07. Print All Minion Names.csproj", "{2CC8F31D-9459-4B86-895E-D686B5D603E4}"
EndProject
Project("{9A19103F-16F7-4668-BE54-9A1E7A4F7556}") = "08. Increase Minion Age", "08. Increase Minion Age\08. Increase Minion Age.csproj", "{2B28730D-238C-4AAA-9D64-42F487E447C8}"
EndProject
Project("{9A19103F-16F7-4668-BE54-9A1E7A4F7556}") = "09. Increase Age Stored Procedure", "09. Increase Age Stored Procedure\09. Increase Age Stored Procedure.csproj", "{558E4D4A-CBA2-40A3-9F34-1F34AD995659}"
EndProject
Project("{9A19103F-16F7-4668-BE54-9A1E7A4F7556}") = "06. Remove Villain", "06. Remove Villain\06. Remove Villain.csproj", "{2140B8DB-0E15-4059-9FA2-DA2A578E28D6}"
EndProject
Project("{FAE04EC0-301F-11D3-BF4B-00C04F79EFBC}") = "01. InitialSetup", "01. InitialSetup\01. InitialSetup.csproj", "{FFE6977C-2641-47BD-8FD4-8924B338DC7E}"
EndProject
Global
	GlobalSection(SolutionConfigurationPlatforms) = preSolution
		Debug|Any CPU = Debug|Any CPU
		Release|Any CPU = Release|Any CPU
	EndGlobalSection
	GlobalSection(ProjectConfigurationPlatforms) = postSolution
		{D53C0912-1964-43EB-AD4D-95ADF9C55A0E}.Debug|Any CPU.ActiveCfg = Debug|Any CPU
		{D53C0912-1964-43EB-AD4D-95ADF9C55A0E}.Debug|Any CPU.Build.0 = Debug|Any CPU
		{D53C0912-1964-43EB-AD4D-95ADF9C55A0E}.Release|Any CPU.ActiveCfg = Release|Any CPU
		{D53C0912-1964-43EB-AD4D-95ADF9C55A0E}.Release|Any CPU.Build.0 = Release|Any CPU
		{B4A4E12E-08E7-4309-998C-AE20C8413481}.Debug|Any CPU.ActiveCfg = Debug|Any CPU
		{B4A4E12E-08E7-4309-998C-AE20C8413481}.Debug|Any CPU.Build.0 = Debug|Any CPU
		{B4A4E12E-08E7-4309-998C-AE20C8413481}.Release|Any CPU.ActiveCfg = Release|Any CPU
		{B4A4E12E-08E7-4309-998C-AE20C8413481}.Release|Any CPU.Build.0 = Release|Any CPU
		{24FB75CE-541D-4DE6-B23C-61881ACEDE86}.Debug|Any CPU.ActiveCfg = Debug|Any CPU
		{24FB75CE-541D-4DE6-B23C-61881ACEDE86}.Debug|Any CPU.Build.0 = Debug|Any CPU
		{24FB75CE-541D-4DE6-B23C-61881ACEDE86}.Release|Any CPU.ActiveCfg = Release|Any CPU
		{24FB75CE-541D-4DE6-B23C-61881ACEDE86}.Release|Any CPU.Build.0 = Release|Any CPU
		{994670D6-AD68-4C8B-8633-59832E445FEA}.Debug|Any CPU.ActiveCfg = Debug|Any CPU
		{994670D6-AD68-4C8B-8633-59832E445FEA}.Debug|Any CPU.Build.0 = Debug|Any CPU
		{994670D6-AD68-4C8B-8633-59832E445FEA}.Release|Any CPU.ActiveCfg = Release|Any CPU
		{994670D6-AD68-4C8B-8633-59832E445FEA}.Release|Any CPU.Build.0 = Release|Any CPU
		{2CC8F31D-9459-4B86-895E-D686B5D603E4}.Debug|Any CPU.ActiveCfg = Debug|Any CPU
		{2CC8F31D-9459-4B86-895E-D686B5D603E4}.Debug|Any CPU.Build.0 = Debug|Any CPU
		{2CC8F31D-9459-4B86-895E-D686B5D603E4}.Release|Any CPU.ActiveCfg = Release|Any CPU
		{2CC8F31D-9459-4B86-895E-D686B5D603E4}.Release|Any CPU.Build.0 = Release|Any CPU
		{2B28730D-238C-4AAA-9D64-42F487E447C8}.Debug|Any CPU.ActiveCfg = Debug|Any CPU
		{2B28730D-238C-4AAA-9D64-42F487E447C8}.Debug|Any CPU.Build.0 = Debug|Any CPU
		{2B28730D-238C-4AAA-9D64-42F487E447C8}.Release|Any CPU.ActiveCfg = Release|Any CPU
		{2B28730D-238C-4AAA-9D64-42F487E447C8}.Release|Any CPU.Build.0 = Release|Any CPU
		{558E4D4A-CBA2-40A3-9F34-1F34AD995659}.Debug|Any CPU.ActiveCfg = Debug|Any CPU
		{558E4D4A-CBA2-40A3-9F34-1F34AD995659}.Debug|Any CPU.Build.0 = Debug|Any CPU
		{558E4D4A-CBA2-40A3-9F34-1F34AD995659}.Release|Any CPU.ActiveCfg = Release|Any CPU
		{558E4D4A-CBA2-40A3-9F34-1F34AD995659}.Release|Any CPU.Build.0 = Release|Any CPU
		{2140B8DB-0E15-4059-9FA2-DA2A578E28D6}.Debug|Any CPU.ActiveCfg = Debug|Any CPU
		{2140B8DB-0E15-4059-9FA2-DA2A578E28D6}.Debug|Any CPU.Build.0 = Debug|Any CPU
		{2140B8DB-0E15-4059-9FA2-DA2A578E28D6}.Release|Any CPU.ActiveCfg = Release|Any CPU
		{2140B8DB-0E15-4059-9FA2-DA2A578E28D6}.Release|Any CPU.Build.0 = Release|Any CPU
		{FFE6977C-2641-47BD-8FD4-8924B338DC7E}.Debug|Any CPU.ActiveCfg = Debug|Any CPU
		{FFE6977C-2641-47BD-8FD4-8924B338DC7E}.Debug|Any CPU.Build.0 = Debug|Any CPU
		{FFE6977C-2641-47BD-8FD4-8924B338DC7E}.Release|Any CPU.ActiveCfg = Release|Any CPU
		{FFE6977C-2641-47BD-8FD4-8924B338DC7E}.Release|Any CPU.Build.0 = Release|Any CPU
	EndGlobalSection
	GlobalSection(SolutionProperties) = preSolution
		HideSolutionNode = FALSE
	EndGlobalSection
	GlobalSection(ExtensibilityGlobals) = postSolution
		SolutionGuid = {9C2CC575-141D-4AB6-9DAC-65CCC299B848}
	EndGlobalSection
EndGlobal
