
Microsoft Visual Studio Solution File, Format Version 12.00
# Visual Studio 15
VisualStudioVersion = 15.0.27703.2000
MinimumVisualStudioVersion = 10.0.40219.1
Project("{FAE04EC0-301F-11D3-BF4B-00C04F79EFBC}") = "BusTicketsSystem.App", "BusTicketsSystem.App\BusTicketsSystem.App.csproj", "{74F781B7-BA68-4BD1-97D4-30F7EBF7694D}"
EndProject
Project("{FAE04EC0-301F-11D3-BF4B-00C04F79EFBC}") = "BusTicketsSystem.Data", "BusTicketsSystem.Data\BusTicketsSystem.Data.csproj", "{CCB68FA9-15E8-42DB-B618-2DBF065CBEB6}"
EndProject
Project("{FAE04EC0-301F-11D3-BF4B-00C04F79EFBC}") = "BusTicketsSystem.Models", "BusTicketsSystem.Models\BusTicketsSystem.Models.csproj", "{172C100D-435C-4A1D-955A-EC4623EED251}"
EndProject
Global
	GlobalSection(SolutionConfigurationPlatforms) = preSolution
		Debug|Any CPU = Debug|Any CPU
		Release|Any CPU = Release|Any CPU
	EndGlobalSection
	GlobalSection(ProjectConfigurationPlatforms) = postSolution
		{74F781B7-BA68-4BD1-97D4-30F7EBF7694D}.Debug|Any CPU.ActiveCfg = Debug|Any CPU
		{74F781B7-BA68-4BD1-97D4-30F7EBF7694D}.Debug|Any CPU.Build.0 = Debug|Any CPU
		{74F781B7-BA68-4BD1-97D4-30F7EBF7694D}.Release|Any CPU.ActiveCfg = Release|Any CPU
		{74F781B7-BA68-4BD1-97D4-30F7EBF7694D}.Release|Any CPU.Build.0 = Release|Any CPU
		{CCB68FA9-15E8-42DB-B618-2DBF065CBEB6}.Debug|Any CPU.ActiveCfg = Debug|Any CPU
		{CCB68FA9-15E8-42DB-B618-2DBF065CBEB6}.Debug|Any CPU.Build.0 = Debug|Any CPU
		{CCB68FA9-15E8-42DB-B618-2DBF065CBEB6}.Release|Any CPU.ActiveCfg = Release|Any CPU
		{CCB68FA9-15E8-42DB-B618-2DBF065CBEB6}.Release|Any CPU.Build.0 = Release|Any CPU
		{172C100D-435C-4A1D-955A-EC4623EED251}.Debug|Any CPU.ActiveCfg = Debug|Any CPU
		{172C100D-435C-4A1D-955A-EC4623EED251}.Debug|Any CPU.Build.0 = Debug|Any CPU
		{172C100D-435C-4A1D-955A-EC4623EED251}.Release|Any CPU.ActiveCfg = Release|Any CPU
		{172C100D-435C-4A1D-955A-EC4623EED251}.Release|Any CPU.Build.0 = Release|Any CPU
	EndGlobalSection
	GlobalSection(SolutionProperties) = preSolution
		HideSolutionNode = FALSE
	EndGlobalSection
	GlobalSection(ExtensibilityGlobals) = postSolution
		SolutionGuid = {280F5670-A726-4BEC-BE5D-9AB7F2A0550D}
	EndGlobalSection
EndGlobal
