
Microsoft Visual Studio Solution File, Format Version 12.00
# Visual Studio 15
VisualStudioVersion = 15.0.27703.2000
MinimumVisualStudioVersion = 10.0.40219.1
Project("{FAE04EC0-301F-11D3-BF4B-00C04F79EFBC}") = "Employees.App", "Employees.App\Employees.App.csproj", "{09A1C4E8-2600-4427-B3C6-8928D9BE0C6C}"
EndProject
Project("{FAE04EC0-301F-11D3-BF4B-00C04F79EFBC}") = "Employees.Models", "Employees.Models\Employees.Models.csproj", "{83D8F6F9-132C-40E9-9EF2-C63959398BD1}"
EndProject
Project("{FAE04EC0-301F-11D3-BF4B-00C04F79EFBC}") = "Employees.Data", "Employees.Data\Employees.Data.csproj", "{B4304DDA-4429-4367-87F0-419A83BBE2E4}"
EndProject
Project("{FAE04EC0-301F-11D3-BF4B-00C04F79EFBC}") = "Employees.Services", "EmployeesServices\Employees.Services.csproj", "{1DDA1577-F860-468B-BFB7-36F1481B4A8A}"
EndProject
Project("{FAE04EC0-301F-11D3-BF4B-00C04F79EFBC}") = "Employees.ModelDto", "Employees.ModelDto\Employees.ModelDto.csproj", "{0DBDC8B7-8678-4234-9C75-29F1C7D891BB}"
EndProject
Global
	GlobalSection(SolutionConfigurationPlatforms) = preSolution
		Debug|Any CPU = Debug|Any CPU
		Release|Any CPU = Release|Any CPU
	EndGlobalSection
	GlobalSection(ProjectConfigurationPlatforms) = postSolution
		{09A1C4E8-2600-4427-B3C6-8928D9BE0C6C}.Debug|Any CPU.ActiveCfg = Debug|Any CPU
		{09A1C4E8-2600-4427-B3C6-8928D9BE0C6C}.Debug|Any CPU.Build.0 = Debug|Any CPU
		{09A1C4E8-2600-4427-B3C6-8928D9BE0C6C}.Release|Any CPU.ActiveCfg = Release|Any CPU
		{09A1C4E8-2600-4427-B3C6-8928D9BE0C6C}.Release|Any CPU.Build.0 = Release|Any CPU
		{83D8F6F9-132C-40E9-9EF2-C63959398BD1}.Debug|Any CPU.ActiveCfg = Debug|Any CPU
		{83D8F6F9-132C-40E9-9EF2-C63959398BD1}.Debug|Any CPU.Build.0 = Debug|Any CPU
		{83D8F6F9-132C-40E9-9EF2-C63959398BD1}.Release|Any CPU.ActiveCfg = Release|Any CPU
		{83D8F6F9-132C-40E9-9EF2-C63959398BD1}.Release|Any CPU.Build.0 = Release|Any CPU
		{B4304DDA-4429-4367-87F0-419A83BBE2E4}.Debug|Any CPU.ActiveCfg = Debug|Any CPU
		{B4304DDA-4429-4367-87F0-419A83BBE2E4}.Debug|Any CPU.Build.0 = Debug|Any CPU
		{B4304DDA-4429-4367-87F0-419A83BBE2E4}.Release|Any CPU.ActiveCfg = Release|Any CPU
		{B4304DDA-4429-4367-87F0-419A83BBE2E4}.Release|Any CPU.Build.0 = Release|Any CPU
		{1DDA1577-F860-468B-BFB7-36F1481B4A8A}.Debug|Any CPU.ActiveCfg = Debug|Any CPU
		{1DDA1577-F860-468B-BFB7-36F1481B4A8A}.Debug|Any CPU.Build.0 = Debug|Any CPU
		{1DDA1577-F860-468B-BFB7-36F1481B4A8A}.Release|Any CPU.ActiveCfg = Release|Any CPU
		{1DDA1577-F860-468B-BFB7-36F1481B4A8A}.Release|Any CPU.Build.0 = Release|Any CPU
		{0DBDC8B7-8678-4234-9C75-29F1C7D891BB}.Debug|Any CPU.ActiveCfg = Debug|Any CPU
		{0DBDC8B7-8678-4234-9C75-29F1C7D891BB}.Debug|Any CPU.Build.0 = Debug|Any CPU
		{0DBDC8B7-8678-4234-9C75-29F1C7D891BB}.Release|Any CPU.ActiveCfg = Release|Any CPU
		{0DBDC8B7-8678-4234-9C75-29F1C7D891BB}.Release|Any CPU.Build.0 = Release|Any CPU
	EndGlobalSection
	GlobalSection(SolutionProperties) = preSolution
		HideSolutionNode = FALSE
	EndGlobalSection
	GlobalSection(ExtensibilityGlobals) = postSolution
		SolutionGuid = {2C94ACB6-7C89-4426-A074-376D270AC8BB}
	EndGlobalSection
EndGlobal
